<Solution>
  <Project Path="Microsoft Courses/Part0Introduction.csproj" Id="83927053-f4db-40ae-a60d-243fbccb509a" />
  <Project Path="Part1_WriteYourFirstCSharpCode/Part12VariablesDeclaration.csproj" Id="e1e0a575-6d3e-4b7c-ae24-2475f31e3300" />
  <Project Path="Part3StringFormatting/Part3StringFormatting.csproj" Id="2e167c8b-6ef4-498e-b44f-cddf8416d56a" />
</Solution>
